{
  "name": "@solve/presentation",
  "requires": true,
  "lockfileVersion": 1,
  "dependencies": {
    "@iconify-json/mdi": {
      "version": "1.1.1",
      "resolved": "https://nexus3.linkurious.net/repository/npm/@iconify-json/mdi/-/mdi-1.1.1.tgz",
      "integrity": "sha512-DkkvAA4sI5SyzqOZo/R4eQc4srBcNREBGnQNdj2/cJ39RiTVp9nKZu6z1gjUC4SlwmUJA5SIQwmx9lSxBVrK2Q==",
      "dev": true,
      "requires": {
        "@iconify/types": "^1.0.12"
      }
    },
    "@iconify/types": {
      "version": "1.0.12",
      "resolved": "https://nexus3.linkurious.net/repository/npm/@iconify/types/-/types-1.0.12.tgz",
      "integrity": "sha512-6er6wSGF3hgc1JEZqiGpg21CTCjHBYOUwqLmb2Idzkjiw6ogalGP0ZMLVutCzah+0WB4yP+Zd2oVPN8jvJ+Ftg==",
      "dev": true
    }
  }
}
